Microsoft Visual Studio Solution File, Format Version 12.00
# Visual Studio Version 17
VisualStudioVersion = 17.5.002.0
MinimumVisualStudioVersion = 10.0.40219.1
Project("{9A19103F-16F7-4668-BE54-9A1E7A4F7556}") = "NativeTimelapseGenerator.Console", "NativeTimelapseGenerator.Console/NativeTimelapseGenerator.Console.csproj", "{B25C592E-CA1F-4CB2-8FD3-5AA42B194A24}"
EndProject
Project("{FAE04EC0-301F-11D3-BF4B-00C04F79EFBC}") = "Terminal.Gui", "Terminal.Gui\Terminal.Gui\Terminal.Gui.csproj", "{B7BC141F-48A4-41AC-A78F-C8D2334A5F45}"
EndProject
Project("{FAE04EC0-301F-11D3-BF4B-00C04F79EFBC}") = "NativeTimelapseGenerator.ConsoleTest", "NativeTimelapseGenerator.ConsoleTest\NativeTimelapseGenerator.ConsoleTest.csproj", "{07A0916B-AC72-4A15-96A2-78866F694071}"
EndProject
Global
	GlobalSection(SolutionConfigurationPlatforms) = preSolution
		Debug|Any CPU = Debug|Any CPU
		Release|Any CPU = Release|Any CPU
	EndGlobalSection
	GlobalSection(ProjectConfigurationPlatforms) = postSolution
		{B25C592E-CA1F-4CB2-8FD3-5AA42B194A24}.Debug|Any CPU.ActiveCfg = Debug|Any CPU
		{B25C592E-CA1F-4CB2-8FD3-5AA42B194A24}.Debug|Any CPU.Build.0 = Debug|Any CPU
		{B25C592E-CA1F-4CB2-8FD3-5AA42B194A24}.Release|Any CPU.ActiveCfg = Release|Any CPU
		{B25C592E-CA1F-4CB2-8FD3-5AA42B194A24}.Release|Any CPU.Build.0 = Release|Any CPU
		{B7BC141F-48A4-41AC-A78F-C8D2334A5F45}.Debug|Any CPU.ActiveCfg = Debug|Any CPU
		{B7BC141F-48A4-41AC-A78F-C8D2334A5F45}.Debug|Any CPU.Build.0 = Debug|Any CPU
		{B7BC141F-48A4-41AC-A78F-C8D2334A5F45}.Release|Any CPU.ActiveCfg = Release|Any CPU
		{B7BC141F-48A4-41AC-A78F-C8D2334A5F45}.Release|Any CPU.Build.0 = Release|Any CPU
		{07A0916B-AC72-4A15-96A2-78866F694071}.Debug|Any CPU.ActiveCfg = Debug|Any CPU
		{07A0916B-AC72-4A15-96A2-78866F694071}.Debug|Any CPU.Build.0 = Debug|Any CPU
		{07A0916B-AC72-4A15-96A2-78866F694071}.Release|Any CPU.ActiveCfg = Release|Any CPU
		{07A0916B-AC72-4A15-96A2-78866F694071}.Release|Any CPU.Build.0 = Release|Any CPU
	EndGlobalSection
	GlobalSection(SolutionProperties) = preSolution
		HideSolutionNode = FALSE
	EndGlobalSection
	GlobalSection(ExtensibilityGlobals) = postSolution
		SolutionGuid = {51E87865-C3AB-4152-8B92-4A8DCA58C0E2}
	EndGlobalSection
EndGlobal
